
Microsoft Visual Studio Solution File, Format Version 12.00
# Visual Studio Version 17
VisualStudioVersion = 17.8.34330.188
MinimumVisualStudioVersion = 10.0.40219.1
Project("{FAE04EC0-301F-11D3-BF4B-00C04F79EFBC}") = "RecommendationEngineClient", "RecommendationEngineClient\RecommendationEngineClient.csproj", "{A6F6DFAC-72B2-49F9-A4C0-CD63BCDA88CF}"
EndProject
Global
	GlobalSection(SolutionConfigurationPlatforms) = preSolution
		Debug|Any CPU = Debug|Any CPU
		Release|Any CPU = Release|Any CPU
	EndGlobalSection
	GlobalSection(ProjectConfigurationPlatforms) = postSolution
		{A6F6DFAC-72B2-49F9-A4C0-CD63BCDA88CF}.Debug|Any CPU.ActiveCfg = Debug|Any CPU
		{A6F6DFAC-72B2-49F9-A4C0-CD63BCDA88CF}.Debug|Any CPU.Build.0 = Debug|Any CPU
		{A6F6DFAC-72B2-49F9-A4C0-CD63BCDA88CF}.Release|Any CPU.ActiveCfg = Release|Any CPU
		{A6F6DFAC-72B2-49F9-A4C0-CD63BCDA88CF}.Release|Any CPU.Build.0 = Release|Any CPU
	EndGlobalSection
	GlobalSection(SolutionProperties) = preSolution
		HideSolutionNode = FALSE
	EndGlobalSection
	GlobalSection(ExtensibilityGlobals) = postSolution
		SolutionGuid = {EA3E9BD7-D43F-4B5A-90AA-F16D782B9354}
	EndGlobalSection
EndGlobal
